// !$*UTF8*$!
{
	archiveVersion = 1;
	classes = {
	};
	objectVersion = 46;
	objects = {

/* Begin PBXBuildFile section */
		04620BF81AEC6F75000D70D2 /* IntervalsLibraryViewController.m in Sources */ = {isa = PBXBuildFile; fileRef = 04620BF71AEC6F75000D70D2 /* IntervalsLibraryViewController.m */; };
		04620BFA1AEC7524000D70D2 /* IntervalsViewController.m in Sources */ = {isa = PBXBuildFile; fileRef = 04620BF91AEC7524000D70D2 /* IntervalsViewController.m */; };
		04620BFD1AEDB00F000D70D2 /* aMajorScale.mp3 in Resources */ = {isa = PBXBuildFile; fileRef = 04620BFC1AEDB00F000D70D2 /* aMajorScale.mp3 */; };
		04620BFF1AEDB072000D70D2 /* AVFoundation.framework in Frameworks */ = {isa = PBXBuildFile; fileRef = 04620BFE1AEDB072000D70D2 /* AVFoundation.framework */; };
		04A8EAE51AE6E6620047D8D2 /* main.m in Sources */ = {isa = PBXBuildFile; fileRef = 04A8EAE41AE6E6620047D8D2 /* main.m */; };
		04A8EAE81AE6E6620047D8D2 /* AppDelegate.m in Sources */ = {isa = PBXBuildFile; fileRef = 04A8EAE71AE6E6620047D8D2 /* AppDelegate.m */; };
		04A8EAEB1AE6E6620047D8D2 /* RootViewController.m in Sources */ = {isa = PBXBuildFile; fileRef = 04A8EAEA1AE6E6620047D8D2 /* RootViewController.m */; };
		04A8EAEE1AE6E6620047D8D2 /* DataViewController.m in Sources */ = {isa = PBXBuildFile; fileRef = 04A8EAED1AE6E6620047D8D2 /* DataViewController.m */; };
		04A8EAF11AE6E6620047D8D2 /* ModelController.m in Sources */ = {isa = PBXBuildFile; fileRef = 04A8EAF01AE6E6620047D8D2 /* ModelController.m */; };
		04A8EAF41AE6E6620047D8D2 /* Main.storyboard in Resources */ = {isa = PBXBuildFile; fileRef = 04A8EAF21AE6E6620047D8D2 /* Main.storyboard */; };
		04A8EAF61AE6E6620047D8D2 /* Images.xcassets in Resources */ = {isa = PBXBuildFile; fileRef = 04A8EAF51AE6E6620047D8D2 /* Images.xcassets */; };
		04A8EAF91AE6E6620047D8D2 /* LaunchScreen.xib in Resources */ = {isa = PBXBuildFile; fileRef = 04A8EAF71AE6E6620047D8D2 /* LaunchScreen.xib */; };
		04A8EB051AE6E6620047D8D2 /* TestPageTests.m in Sources */ = {isa = PBXBuildFile; fileRef = 04A8EB041AE6E6620047D8D2 /* TestPageTests.m */; };
		04A8EB101AE6F2B70047D8D2 /* MainMenuViewController.m in Sources */ = {isa = PBXBuildFile; fileRef = 04A8EB0F1AE6F2B70047D8D2 /* MainMenuViewController.m */; };
		04A8EB121AEC53F40047D8D2 /* LibraryViewController.m in Sources */ = {isa = PBXBuildFile; fileRef = 04A8EB111AEC53F40047D8D2 /* LibraryViewController.m */; };
		17DC260A1AF09A1800F5BB01 /* HighScoreController.m in Sources */ = {isa = PBXBuildFile; fileRef = 17DC26091AF09A1800F5BB01 /* HighScoreController.m */; };
/* End PBXBuildFile section */

/* Begin PBXContainerItemProxy section */
		04A8EAFF1AE6E6620047D8D2 /* PBXContainerItemProxy */ = {
			isa = PBXContainerItemProxy;
			containerPortal = 04A8EAD71AE6E6620047D8D2 /* Project object */;
			proxyType = 1;
			remoteGlobalIDString = 04A8EADE1AE6E6620047D8D2;
			remoteInfo = TestPage;
		};
/* End PBXContainerItemProxy section */

/* Begin PBXFileReference section */
		04620BF61AEC6F57000D70D2 /* IntervalsLibraryViewController.h */ = {isa = PBXFileReference; lastKnownFileType = sourcecode.c.h; path = IntervalsLibraryViewController.h; sourceTree = "<group>"; };
		04620BF71AEC6F75000D70D2 /* IntervalsLibraryViewController.m */ = {isa = PBXFileReference; fileEncoding = 4; lastKnownFileType = sourcecode.c.objc; path = IntervalsLibraryViewController.m; sourceTree = "<group>"; };
		04620BF91AEC7524000D70D2 /* IntervalsViewController.m */ = {isa = PBXFileReference; fileEncoding = 4; lastKnownFileType = sourcecode.c.objc; path = IntervalsViewController.m; sourceTree = "<group>"; };
		04620BFB1AEC7531000D70D2 /* IntervalsViewController.h */ = {isa = PBXFileReference; lastKnownFileType = sourcecode.c.h; path = IntervalsViewController.h; sourceTree = "<group>"; };
		04620BFC1AEDB00F000D70D2 /* aMajorScale.mp3 */ = {isa = PBXFileReference; lastKnownFileType = audio.mp3; path = aMajorScale.mp3; sourceTree = "<group>"; };
		04620BFE1AEDB072000D70D2 /* AVFoundation.framework */ = {isa = PBXFileReference; lastKnownFileType = wrapper.framework; name = AVFoundation.framework; path = System/Library/Frameworks/AVFoundation.framework; sourceTree = SDKROOT; };
		04A8EADF1AE6E6620047D8D2 /* TestPage.app */ = {isa = PBXFileReference; explicitFileType = wrapper.application; includeInIndex = 0; path = TestPage.app; sourceTree = BUILT_PRODUCTS_DIR; };
		04A8EAE31AE6E6620047D8D2 /* Info.plist */ = {isa = PBXFileReference; lastKnownFileType = text.plist.xml; path = Info.plist; sourceTree = "<group>"; };
		04A8EAE41AE6E6620047D8D2 /* main.m */ = {isa = PBXFileReference; lastKnownFileType = sourcecode.c.objc; path = main.m; sourceTree = "<group>"; };
		04A8EAE61AE6E6620047D8D2 /* AppDelegate.h */ = {isa = PBXFileReference; lastKnownFileType = sourcecode.c.h; path = AppDelegate.h; sourceTree = "<group>"; };
		04A8EAE71AE6E6620047D8D2 /* AppDelegate.m */ = {isa = PBXFileReference; lastKnownFileType = sourcecode.c.objc; path = AppDelegate.m; sourceTree = "<group>"; };
		04A8EAE91AE6E6620047D8D2 /* RootViewController.h */ = {isa = PBXFileReference; lastKnownFileType = sourcecode.c.h; path = RootViewController.h; sourceTree = "<group>"; };
		04A8EAEA1AE6E6620047D8D2 /* RootViewController.m */ = {isa = PBXFileReference; lastKnownFileType = sourcecode.c.objc; path = RootViewController.m; sourceTree = "<group>"; };
		04A8EAEC1AE6E6620047D8D2 /* DataViewController.h */ = {isa = PBXFileReference; lastKnownFileType = sourcecode.c.h; path = DataViewController.h; sourceTree = "<group>"; };
		04A8EAED1AE6E6620047D8D2 /* DataViewController.m */ = {isa = PBXFileReference; lastKnownFileType = sourcecode.c.objc; path = DataViewController.m; sourceTree = "<group>"; };
		04A8EAEF1AE6E6620047D8D2 /* ModelController.h */ = {isa = PBXFileReference; lastKnownFileType = sourcecode.c.h; path = ModelController.h; sourceTree = "<group>"; };
		04A8EAF01AE6E6620047D8D2 /* ModelController.m */ = {isa = PBXFileReference; lastKnownFileType = sourcecode.c.objc; path = ModelController.m; sourceTree = "<group>"; };
		04A8EAF31AE6E6620047D8D2 /* Base */ = {isa = PBXFileReference; lastKnownFileType = file.storyboard; name = Base; path = Base.lproj/Main.storyboard; sourceTree = "<group>"; };
		04A8EAF51AE6E6620047D8D2 /* Images.xcassets */ = {isa = PBXFileReference; lastKnownFileType = folder.assetcatalog; path = Images.xcassets; sourceTree = "<group>"; };
		04A8EAF81AE6E6620047D8D2 /* Base */ = {isa = PBXFileReference; lastKnownFileType = file.xib; name = Base; path = Base.lproj/LaunchScreen.xib; sourceTree = "<group>"; };
		04A8EAFE1AE6E6620047D8D2 /* TestPageTests.xctest */ = {isa = PBXFileReference; explicitFileType = wrapper.cfbundle; includeInIndex = 0; path = TestPageTests.xctest; sourceTree = BUILT_PRODUCTS_DIR; };
		04A8EB031AE6E6620047D8D2 /* Info.plist */ = {isa = PBXFileReference; lastKnownFileType = text.plist.xml; path = Info.plist; sourceTree = "<group>"; };
		04A8EB041AE6E6620047D8D2 /* TestPageTests.m */ = {isa = PBXFileReference; lastKnownFileType = sourcecode.c.objc; path = TestPageTests.m; sourceTree = "<group>"; };
		04A8EB0E1AE6F28B0047D8D2 /* MainMenuViewController.h */ = {isa = PBXFileReference; fileEncoding = 4; lastKnownFileType = sourcecode.c.h; path = MainMenuViewController.h; sourceTree = "<group>"; };
		04A8EB0F1AE6F2B70047D8D2 /* MainMenuViewController.m */ = {isa = PBXFileReference; fileEncoding = 4; lastKnownFileType = sourcecode.c.objc; path = MainMenuViewController.m; sourceTree = "<group>"; };
		04A8EB111AEC53F40047D8D2 /* LibraryViewController.m */ = {isa = PBXFileReference; fileEncoding = 4; lastKnownFileType = sourcecode.c.objc; path = LibraryViewController.m; sourceTree = "<group>"; };
		04A8EB131AEC54250047D8D2 /* LibraryViewController.h */ = {isa = PBXFileReference; lastKnownFileType = sourcecode.c.h; path = LibraryViewController.h; sourceTree = "<group>"; };
		17DC26081AF09A0300F5BB01 /* HighScoreController.h */ = {isa = PBXFileReference; lastKnownFileType = sourcecode.c.h; path = HighScoreController.h; sourceTree = "<group>"; };
		17DC26091AF09A1800F5BB01 /* HighScoreController.m */ = {isa = PBXFileReference; fileEncoding = 4; lastKnownFileType = sourcecode.c.objc; path = HighScoreController.m; sourceTree = "<group>"; };
/* End PBXFileReference section */

/* Begin PBXFrameworksBuildPhase section */
		04A8EADC1AE6E6620047D8D2 /* Frameworks */ = {
			isa = PBXFrameworksBuildPhase;
			buildActionMask = 2147483647;
			files = (
				04620BFF1AEDB072000D70D2 /* AVFoundation.framework in Frameworks */,
			);
			runOnlyForDeploymentPostprocessing = 0;
		};
		04A8EAFB1AE6E6620047D8D2 /* Frameworks */ = {
			isa = PBXFrameworksBuildPhase;
			buildActionMask = 2147483647;
			files = (
			);
			runOnlyForDeploymentPostprocessing = 0;
		};
/* End PBXFrameworksBuildPhase section */

/* Begin PBXGroup section */
		04620C001AEDB088000D70D2 /* Sounds */ = {
			isa = PBXGroup;
			children = (
				04620BFC1AEDB00F000D70D2 /* aMajorScale.mp3 */,
			);
			name = Sounds;
			sourceTree = "<group>";
		};
		04A8EAD61AE6E6620047D8D2 = {
			isa = PBXGroup;
			children = (
				04620BFE1AEDB072000D70D2 /* AVFoundation.framework */,
				04A8EAE11AE6E6620047D8D2 /* TestPage */,
				04A8EB011AE6E6620047D8D2 /* TestPageTests */,
				04A8EAE01AE6E6620047D8D2 /* Products */,
			);
			sourceTree = "<group>";
		};
		04A8EAE01AE6E6620047D8D2 /* Products */ = {
			isa = PBXGroup;
			children = (
				04A8EADF1AE6E6620047D8D2 /* TestPage.app */,
				04A8EAFE1AE6E6620047D8D2 /* TestPageTests.xctest */,
			);
			name = Products;
			sourceTree = "<group>";
		};
		04A8EAE11AE6E6620047D8D2 /* TestPage */ = {
			isa = PBXGroup;
			children = (
				04620C001AEDB088000D70D2 /* Sounds */,
				04A8EAE61AE6E6620047D8D2 /* AppDelegate.h */,
				04A8EAE71AE6E6620047D8D2 /* AppDelegate.m */,
				04A8EAE91AE6E6620047D8D2 /* RootViewController.h */,
				04A8EAEA1AE6E6620047D8D2 /* RootViewController.m */,
				04A8EAEC1AE6E6620047D8D2 /* DataViewController.h */,
				04A8EAED1AE6E6620047D8D2 /* DataViewController.m */,
				04A8EAEF1AE6E6620047D8D2 /* ModelController.h */,
				04A8EAF01AE6E6620047D8D2 /* ModelController.m */,
				04A8EB131AEC54250047D8D2 /* LibraryViewController.h */,
				04A8EB111AEC53F40047D8D2 /* LibraryViewController.m */,
				04A8EB0E1AE6F28B0047D8D2 /* MainMenuViewController.h */,
				04A8EB0F1AE6F2B70047D8D2 /* MainMenuViewController.m */,
				04620BF61AEC6F57000D70D2 /* IntervalsLibraryViewController.h */,
				04620BF71AEC6F75000D70D2 /* IntervalsLibraryViewController.m */,
				04A8EAF21AE6E6620047D8D2 /* Main.storyboard */,
				17DC26081AF09A0300F5BB01 /* HighScoreController.h */,
				17DC26091AF09A1800F5BB01 /* HighScoreController.m */,
				04620BFB1AEC7531000D70D2 /* IntervalsViewController.h */,
				04620BF91AEC7524000D70D2 /* IntervalsViewController.m */,
				04A8EAF51AE6E6620047D8D2 /* Images.xcassets */,
				04A8EAF71AE6E6620047D8D2 /* LaunchScreen.xib */,
				04A8EAE21AE6E6620047D8D2 /* Supporting Files */,
			);
			path = TestPage;
			sourceTree = "<group>";
		};
		04A8EAE21AE6E6620047D8D2 /* Supporting Files */ = {
			isa = PBXGroup;
			children = (
				04A8EAE31AE6E6620047D8D2 /* Info.plist */,
				04A8EAE41AE6E6620047D8D2 /* main.m */,
			);
			name = "Supporting Files";
			sourceTree = "<group>";
		};
		04A8EB011AE6E6620047D8D2 /* TestPageTests */ = {
			isa = PBXGroup;
			children = (
				04A8EB041AE6E6620047D8D2 /* TestPageTests.m */,
				04A8EB021AE6E6620047D8D2 /* Supporting Files */,
			);
			path = TestPageTests;
			sourceTree = "<group>";
		};
		04A8EB021AE6E6620047D8D2 /* Supporting Files */ = {
			isa = PBXGroup;
			children = (
				04A8EB031AE6E6620047D8D2 /* Info.plist */,
			);
			name = "Supporting Files";
			sourceTree = "<group>";
		};
/* End PBXGroup section */

/* Begin PBXNativeTarget section */
		04A8EADE1AE6E6620047D8D2 /* TestPage */ = {
			isa = PBXNativeTarget;
			buildConfigurationList = 04A8EB081AE6E6620047D8D2 /* Build configuration list for PBXNativeTarget "TestPage" */;
			buildPhases = (
				04A8EADB1AE6E6620047D8D2 /* Sources */,
				04A8EADC1AE6E6620047D8D2 /* Frameworks */,
				04A8EADD1AE6E6620047D8D2 /* Resources */,
			);
			buildRules = (
			);
			dependencies = (
			);
			name = TestPage;
			productName = TestPage;
			productReference = 04A8EADF1AE6E6620047D8D2 /* TestPage.app */;
			productType = "com.apple.product-type.application";
		};
		04A8EAFD1AE6E6620047D8D2 /* TestPageTests */ = {
			isa = PBXNativeTarget;
			buildConfigurationList = 04A8EB0B1AE6E6620047D8D2 /* Build configuration list for PBXNativeTarget "TestPageTests" */;
			buildPhases = (
				04A8EAFA1AE6E6620047D8D2 /* Sources */,
				04A8EAFB1AE6E6620047D8D2 /* Frameworks */,
				04A8EAFC1AE6E6620047D8D2 /* Resources */,
			);
			buildRules = (
			);
			dependencies = (
				04A8EB001AE6E6620047D8D2 /* PBXTargetDependency */,
			);
			name = TestPageTests;
			productName = TestPageTests;
			productReference = 04A8EAFE1AE6E6620047D8D2 /* TestPageTests.xctest */;
			productType = "com.apple.product-type.bundle.unit-test";
		};
/* End PBXNativeTarget section */

/* Begin PBXProject section */
		04A8EAD71AE6E6620047D8D2 /* Project object */ = {
			isa = PBXProject;
			attributes = {
				LastUpgradeCheck = 0630;
				ORGANIZATIONNAME = "MAC Book";
				TargetAttributes = {
					04A8EADE1AE6E6620047D8D2 = {
						CreatedOnToolsVersion = 6.3;
					};
					04A8EAFD1AE6E6620047D8D2 = {
						CreatedOnToolsVersion = 6.3;
						TestTargetID = 04A8EADE1AE6E6620047D8D2;
					};
				};
			};
			buildConfigurationList = 04A8EADA1AE6E6620047D8D2 /* Build configuration list for PBXProject "TestPage" */;
			compatibilityVersion = "Xcode 3.2";
			developmentRegion = English;
			hasScannedForEncodings = 0;
			knownRegions = (
				en,
				Base,
			);
			mainGroup = 04A8EAD61AE6E6620047D8D2;
			productRefGroup = 04A8EAE01AE6E6620047D8D2 /* Products */;
			projectDirPath = "";
			projectRoot = "";
			targets = (
				04A8EADE1AE6E6620047D8D2 /* TestPage */,
				04A8EAFD1AE6E6620047D8D2 /* TestPageTests */,
			);
		};
/* End PBXProject section */

/* Begin PBXResourcesBuildPhase section */
		04A8EADD1AE6E6620047D8D2 /* Resources */ = {
			isa = PBXResourcesBuildPhase;
			buildActionMask = 2147483647;
			files = (
				04A8EAF41AE6E6620047D8D2 /* Main.storyboard in Resources */,
				04A8EAF91AE6E6620047D8D2 /* LaunchScreen.xib in Resources */,
				04A8EAF61AE6E6620047D8D2 /* Images.xcassets in Resources */,
				04620BFD1AEDB00F000D70D2 /* aMajorScale.mp3 in Resources */,
			);
			runOnlyForDeploymentPostprocessing = 0;
		};
		04A8EAFC1AE6E6620047D8D2 /* Resources */ = {
			isa = PBXResourcesBuildPhase;
			buildActionMask = 2147483647;
			files = (
			);
			runOnlyForDeploymentPostprocessing = 0;
		};
/* End PBXResourcesBuildPhase section */

/* Begin PBXSourcesBuildPhase section */
		04A8EADB1AE6E6620047D8D2 /* Sources */ = {
			isa = PBXSourcesBuildPhase;
			buildActionMask = 2147483647;
			files = (
				17DC260A1AF09A1800F5BB01 /* HighScoreController.m in Sources */,
				04A8EB101AE6F2B70047D8D2 /* MainMenuViewController.m in Sources */,
				04A8EB121AEC53F40047D8D2 /* LibraryViewController.m in Sources */,
				04620BFA1AEC7524000D70D2 /* IntervalsViewController.m in Sources */,
				04A8EAEE1AE6E6620047D8D2 /* DataViewController.m in Sources */,
				04A8EAE81AE6E6620047D8D2 /* AppDelegate.m in Sources */,
				04A8EAF11AE6E6620047D8D2 /* ModelController.m in Sources */,
				04A8EAE51AE6E6620047D8D2 /* main.m in Sources */,
				04620BF81AEC6F75000D70D2 /* IntervalsLibraryViewController.m in Sources */,
				04A8EAEB1AE6E6620047D8D2 /* RootViewController.m in Sources */,
			);
			runOnlyForDeploymentPostprocessing = 0;
		};
		04A8EAFA1AE6E6620047D8D2 /* Sources */ = {
			isa = PBXSourcesBuildPhase;
			buildActionMask = 2147483647;
			files = (
				04A8EB051AE6E6620047D8D2 /* TestPageTests.m in Sources */,
			);
			runOnlyForDeploymentPostprocessing = 0;
		};
/* End PBXSourcesBuildPhase section */

/* Begin PBXTargetDependency section */
		04A8EB001AE6E6620047D8D2 /* PBXTargetDependency */ = {
			isa = PBXTargetDependency;
			target = 04A8EADE1AE6E6620047D8D2 /* TestPage */;
			targetProxy = 04A8EAFF1AE6E6620047D8D2 /* PBXContainerItemProxy */;
		};
/* End PBXTargetDependency section */

/* Begin PBXVariantGroup section */
		04A8EAF21AE6E6620047D8D2 /* Main.storyboard */ = {
			isa = PBXVariantGroup;
			children = (
				04A8EAF31AE6E6620047D8D2 /* Base */,
			);
			name = Main.storyboard;
			sourceTree = "<group>";
		};
		04A8EAF71AE6E6620047D8D2 /* LaunchScreen.xib */ = {
			isa = PBXVariantGroup;
			children = (
				04A8EAF81AE6E6620047D8D2 /* Base */,
			);
			name = LaunchScreen.xib;
			sourceTree = "<group>";
		};
/* End PBXVariantGroup section */

/* Begin XCBuildConfiguration section */
		04A8EB061AE6E6620047D8D2 /* Debug */ = {
			isa = XCBuildConfiguration;
			buildSettings = {
				ALWAYS_SEARCH_USER_PATHS = NO;
				CLANG_CXX_LANGUAGE_STANDARD = "gnu++0x";
				CLANG_CXX_LIBRARY = "libc++";
				CLANG_ENABLE_MODULES = YES;
				CLANG_ENABLE_OBJC_ARC = YES;
				CLANG_WARN_BOOL_CONVERSION = YES;
				CLANG_WARN_CONSTANT_CONVERSION = YES;
				CLANG_WARN_DIRECT_OBJC_ISA_USAGE = YES_ERROR;
				CLANG_WARN_EMPTY_BODY = YES;
				CLANG_WARN_ENUM_CONVERSION = YES;
				CLANG_WARN_INT_CONVERSION = YES;
				CLANG_WARN_OBJC_ROOT_CLASS = YES_ERROR;
				CLANG_WARN_UNREACHABLE_CODE = YES;
				CLANG_WARN__DUPLICATE_METHOD_MATCH = YES;
				"CODE_SIGN_IDENTITY[sdk=iphoneos*]" = "iPhone Developer";
				COPY_PHASE_STRIP = NO;
				DEBUG_INFORMATION_FORMAT = "dwarf-with-dsym";
				ENABLE_STRICT_OBJC_MSGSEND = YES;
				GCC_C_LANGUAGE_STANDARD = gnu99;
				GCC_DYNAMIC_NO_PIC = NO;
				GCC_NO_COMMON_BLOCKS = YES;
				GCC_OPTIMIZATION_LEVEL = 0;
				GCC_PREPROCESSOR_DEFINITIONS = (
					"DEBUG=1",
					"$(inherited)",
				);
				GCC_SYMBOLS_PRIVATE_EXTERN = NO;
				GCC_WARN_64_TO_32_BIT_CONVERSION = YES;
				GCC_WARN_ABOUT_RETURN_TYPE = YES_ERROR;
				GCC_WARN_UNDECLARED_SELECTOR = YES;
				GCC_WARN_UNINITIALIZED_AUTOS = YES_AGGRESSIVE;
				GCC_WARN_UNUSED_FUNCTION = YES;
				GCC_WARN_UNUSED_VARIABLE = YES;
				IPHONEOS_DEPLOYMENT_TARGET = 8.3;
				MTL_ENABLE_DEBUG_INFO = YES;
				ONLY_ACTIVE_ARCH = YES;
				SDKROOT = iphoneos;
			};
			name = Debug;
		};
		04A8EB071AE6E6620047D8D2 /* Release */ = {
			isa = XCBuildConfiguration;
			buildSettings = {
				ALWAYS_SEARCH_USER_PATHS = NO;
				CLANG_CXX_LANGUAGE_STANDARD = "gnu++0x";
				CLANG_CXX_LIBRARY = "libc++";
				CLANG_ENABLE_MODULES = YES;
				CLANG_ENABLE_OBJC_ARC = YES;
				CLANG_WARN_BOOL_CONVERSION = YES;
				CLANG_WARN_CONSTANT_CONVERSION = YES;
				CLANG_WARN_DIRECT_OBJC_ISA_USAGE = YES_ERROR;
				CLANG_WARN_EMPTY_BODY = YES;
				CLANG_WARN_ENUM_CONVERSION = YES;
				CLANG_WARN_INT_CONVERSION = YES;
				CLANG_WARN_OBJC_ROOT_CLASS = YES_ERROR;
				CLANG_WARN_UNREACHABLE_CODE = YES;
				CLANG_WARN__DUPLICATE_METHOD_MATCH = YES;
				"CODE_SIGN_IDENTITY[sdk=iphoneos*]" = "iPhone Developer";
				COPY_PHASE_STRIP = NO;
				DEBUG_INFORMATION_FORMAT = "dwarf-with-dsym";
				ENABLE_NS_ASSERTIONS = NO;
				ENABLE_STRICT_OBJC_MSGSEND = YES;
				GCC_C_LANGUAGE_STANDARD = gnu99;
				GCC_NO_COMMON_BLOCKS = YES;
				GCC_WARN_64_TO_32_BIT_CONVERSION = YES;
				GCC_WARN_ABOUT_RETURN_TYPE = YES_ERROR;
				GCC_WARN_UNDECLARED_SELECTOR = YES;
				GCC_WARN_UNINITIALIZED_AUTOS = YES_AGGRESSIVE;
				GCC_WARN_UNUSED_FUNCTION = YES;
				GCC_WARN_UNUSED_VARIABLE = YES;
				IPHONEOS_DEPLOYMENT_TARGET = 8.3;
				MTL_ENABLE_DEBUG_INFO = NO;
				SDKROOT = iphoneos;
				VALIDATE_PRODUCT = YES;
			};
			name = Release;
		};
		04A8EB091AE6E6620047D8D2 /* Debug */ = {
			isa = XCBuildConfiguration;
			buildSettings = {
				ASSETCATALOG_COMPILER_APPICON_NAME = AppIcon;
				INFOPLIST_FILE = TestPage/Info.plist;
				LD_RUNPATH_SEARCH_PATHS = "$(inherited) @executable_path/Frameworks";
				PRODUCT_NAME = "$(TARGET_NAME)";
			};
			name = Debug;
		};
		04A8EB0A1AE6E6620047D8D2 /* Release */ = {
			isa = XCBuildConfiguration;
			buildSettings = {
				ASSETCATALOG_COMPILER_APPICON_NAME = AppIcon;
				INFOPLIST_FILE = TestPage/Info.plist;
				LD_RUNPATH_SEARCH_PATHS = "$(inherited) @executable_path/Frameworks";
				PRODUCT_NAME = "$(TARGET_NAME)";
			};
			name = Release;
		};
		04A8EB0C1AE6E6620047D8D2 /* Debug */ = {
			isa = XCBuildConfiguration;
			buildSettings = {
				BUNDLE_LOADER = "$(TEST_HOST)";
				FRAMEWORK_SEARCH_PATHS = (
					"$(SDKROOT)/Developer/Library/Frameworks",
					"$(inherited)",
				);
				GCC_PREPROCESSOR_DEFINITIONS = (
					"DEBUG=1",
					"$(inherited)",
				);
				INFOPLIST_FILE = TestPageTests/Info.plist;
				LD_RUNPATH_SEARCH_PATHS = "$(inherited) @executable_path/Frameworks @loader_path/Frameworks";
				PRODUCT_NAME = "$(TARGET_NAME)";
				TEST_HOST = "$(BUILT_PRODUCTS_DIR)/TestPage.app/TestPage";
			};
			name = Debug;
		};
		04A8EB0D1AE6E6620047D8D2 /* Release */ = {
			isa = XCBuildConfiguration;
			buildSettings = {
				BUNDLE_LOADER = "$(TEST_HOST)";
				FRAMEWORK_SEARCH_PATHS = (
					"$(SDKROOT)/Developer/Library/Frameworks",
					"$(inherited)",
				);
				INFOPLIST_FILE = TestPageTests/Info.plist;
				LD_RUNPATH_SEARCH_PATHS = "$(inherited) @executable_path/Frameworks @loader_path/Frameworks";
				PRODUCT_NAME = "$(TARGET_NAME)";
				TEST_HOST = "$(BUILT_PRODUCTS_DIR)/TestPage.app/TestPage";
			};
			name = Release;
		};
/* End XCBuildConfiguration section */

/* Begin XCConfigurationList section */
		04A8EADA1AE6E6620047D8D2 /* Build configuration list for PBXProject "TestPage" */ = {
			isa = XCConfigurationList;
			buildConfigurations = (
				04A8EB061AE6E6620047D8D2 /* Debug */,
				04A8EB071AE6E6620047D8D2 /* Release */,
			);
			defaultConfigurationIsVisible = 0;
			defaultConfigurationName = Release;
		};
		04A8EB081AE6E6620047D8D2 /* Build configuration list for PBXNativeTarget "TestPage" */ = {
			isa = XCConfigurationList;
			buildConfigurations = (
				04A8EB091AE6E6620047D8D2 /* Debug */,
				04A8EB0A1AE6E6620047D8D2 /* Release */,
			);
			defaultConfigurationIsVisible = 0;
			defaultConfigurationName = Release;
		};
		04A8EB0B1AE6E6620047D8D2 /* Build configuration list for PBXNativeTarget "TestPageTests" */ = {
			isa = XCConfigurationList;
			buildConfigurations = (
				04A8EB0C1AE6E6620047D8D2 /* Debug */,
				04A8EB0D1AE6E6620047D8D2 /* Release */,
			);
			defaultConfigurationIsVisible = 0;
			defaultConfigurationName = Release;
		};
/* End XCConfigurationList section */
	};
	rootObject = 04A8EAD71AE6E6620047D8D2 /* Project object */;
}
